
Microsoft Visual Studio Solution File, Format Version 12.00
# Visual Studio Version 16
VisualStudioVersion = 16.0.31702.278
MinimumVisualStudioVersion = 10.0.40219.1
Project("{FAE04EC0-301F-11D3-BF4B-00C04F79EFBC}") = "RJD", "RJD\RJD.csproj", "{440FBA54-6CCB-4EC3-856A-DB7FB111451C}"
EndProject
Global
	GlobalSection(SolutionConfigurationPlatforms) = preSolution
		Debug|Any CPU = Debug|Any CPU
		Release|Any CPU = Release|Any CPU
	EndGlobalSection
	GlobalSection(ProjectConfigurationPlatforms) = postSolution
		{440FBA54-6CCB-4EC3-856A-DB7FB111451C}.Debug|Any CPU.ActiveCfg = Debug|Any CPU
		{440FBA54-6CCB-4EC3-856A-DB7FB111451C}.Debug|Any CPU.Build.0 = Debug|Any CPU
		{440FBA54-6CCB-4EC3-856A-DB7FB111451C}.Release|Any CPU.ActiveCfg = Release|Any CPU
		{440FBA54-6CCB-4EC3-856A-DB7FB111451C}.Release|Any CPU.Build.0 = Release|Any CPU
	EndGlobalSection
	GlobalSection(SolutionProperties) = preSolution
		HideSolutionNode = FALSE
	EndGlobalSection
	GlobalSection(ExtensibilityGlobals) = postSolution
		SolutionGuid = {B2629CC1-AFF4-4C6D-B0B5-571DA63D4881}
	EndGlobalSection
EndGlobal
